
Microsoft Visual Studio Solution File, Format Version 12.00
# Visual Studio Version 17
VisualStudioVersion = 17.9.34622.214
MinimumVisualStudioVersion = 10.0.40219.1
Project("{FAE04EC0-301F-11D3-BF4B-00C04F79EFBC}") = "ArabCont.PL", "ArabCont\ArabCont.PL.csproj", "{C77CDA7A-C84F-4E0E-ACBE-BA99D1B0437E}"
EndProject
Project("{FAE04EC0-301F-11D3-BF4B-00C04F79EFBC}") = "ArabCont.DAL", "ArabCont.DAL\ArabCont.DAL.csproj", "{0374C20E-E272-45CA-8D42-EC0DB76BC841}"
EndProject
Project("{FAE04EC0-301F-11D3-BF4B-00C04F79EFBC}") = "ArabCont.BLL", "ArabCont.BLL\ArabCont.BLL.csproj", "{C0740C0C-C092-4FAB-BF84-47FC0BBA1E29}"
EndProject
Global
	GlobalSection(SolutionConfigurationPlatforms) = preSolution
		Debug|Any CPU = Debug|Any CPU
		Release|Any CPU = Release|Any CPU
	EndGlobalSection
	GlobalSection(ProjectConfigurationPlatforms) = postSolution
		{C77CDA7A-C84F-4E0E-ACBE-BA99D1B0437E}.Debug|Any CPU.ActiveCfg = Debug|Any CPU
		{C77CDA7A-C84F-4E0E-ACBE-BA99D1B0437E}.Debug|Any CPU.Build.0 = Debug|Any CPU
		{C77CDA7A-C84F-4E0E-ACBE-BA99D1B0437E}.Release|Any CPU.ActiveCfg = Release|Any CPU
		{C77CDA7A-C84F-4E0E-ACBE-BA99D1B0437E}.Release|Any CPU.Build.0 = Release|Any CPU
		{0374C20E-E272-45CA-8D42-EC0DB76BC841}.Debug|Any CPU.ActiveCfg = Debug|Any CPU
		{0374C20E-E272-45CA-8D42-EC0DB76BC841}.Debug|Any CPU.Build.0 = Debug|Any CPU
		{0374C20E-E272-45CA-8D42-EC0DB76BC841}.Release|Any CPU.ActiveCfg = Release|Any CPU
		{0374C20E-E272-45CA-8D42-EC0DB76BC841}.Release|Any CPU.Build.0 = Release|Any CPU
		{C0740C0C-C092-4FAB-BF84-47FC0BBA1E29}.Debug|Any CPU.ActiveCfg = Debug|Any CPU
		{C0740C0C-C092-4FAB-BF84-47FC0BBA1E29}.Debug|Any CPU.Build.0 = Debug|Any CPU
		{C0740C0C-C092-4FAB-BF84-47FC0BBA1E29}.Release|Any CPU.ActiveCfg = Release|Any CPU
		{C0740C0C-C092-4FAB-BF84-47FC0BBA1E29}.Release|Any CPU.Build.0 = Release|Any CPU
	EndGlobalSection
	GlobalSection(SolutionProperties) = preSolution
		HideSolutionNode = FALSE
	EndGlobalSection
	GlobalSection(ExtensibilityGlobals) = postSolution
		SolutionGuid = {BB6E8D22-C2DD-47E5-B95E-295F6ABC427C}
	EndGlobalSection
EndGlobal
